github.com/Victor-AvestaAI/pokedex/pokeapi v0.0.0-20241024135105-9216a996fc7b h1:TBpbCQzy+woOAVKCsaAsazP8LqdIDMCgpPLvegvAwCw=
github.com/Victor-AvestaAI/pokedex/pokeapi v0.0.0-20241024135105-9216a996fc7b/go.mod h1:EOzQxkeilM+d92rhVHiHoY0If9pR0kl8HBrhfQe19dU=
github.com/Victor-AvestaAI/pokedex/pokecache v0.0.0-20241024135105-9216a996fc7b h1:FT+Lbb2mcsXNTRji+jFYzHAptj4warOclafRLjz45jA=
github.com/Victor-AvestaAI/pokedex/pokecache v0.0.0-20241024135105-9216a996fc7b/go.mod h1:71Zx9tBsfdm41LbXxhHiIqDL+xzU4tUz0ebABkswd8A=
